
Microsoft Visual Studio Solution File, Format Version 12.00
# Visual Studio Version 17
VisualStudioVersion = 17.14.36119.2
MinimumVisualStudioVersion = 10.0.40219.1
Project("{FAE04EC0-301F-11D3-BF4B-00C04F79EFBC}") = "HeladeriaTITO", "HeladeriaTITO.csproj", "{7F011DCC-8605-4537-A55E-4C64F5D7B85B}"
EndProject
Project("{FAE04EC0-301F-11D3-BF4B-00C04F79EFBC}") = "Heladeria.Entidad", "..\Heladeria.Entidad\Heladeria.Entidad.csproj", "{4DB050C4-5117-4F0B-82C3-2D823961CB17}"
EndProject
Project("{FAE04EC0-301F-11D3-BF4B-00C04F79EFBC}") = "Heladeria.Logica", "..\Heladeria.Logica\Heladeria.Logica.csproj", "{8B28665E-5C30-4268-8574-5E04DBFF8F0C}"
EndProject
Global
	GlobalSection(SolutionConfigurationPlatforms) = preSolution
		Debug|Any CPU = Debug|Any CPU
		Release|Any CPU = Release|Any CPU
	EndGlobalSection
	GlobalSection(ProjectConfigurationPlatforms) = postSolution
		{7F011DCC-8605-4537-A55E-4C64F5D7B85B}.Debug|Any CPU.ActiveCfg = Debug|Any CPU
		{7F011DCC-8605-4537-A55E-4C64F5D7B85B}.Debug|Any CPU.Build.0 = Debug|Any CPU
		{7F011DCC-8605-4537-A55E-4C64F5D7B85B}.Release|Any CPU.ActiveCfg = Release|Any CPU
		{7F011DCC-8605-4537-A55E-4C64F5D7B85B}.Release|Any CPU.Build.0 = Release|Any CPU
		{4DB050C4-5117-4F0B-82C3-2D823961CB17}.Debug|Any CPU.ActiveCfg = Debug|Any CPU
		{4DB050C4-5117-4F0B-82C3-2D823961CB17}.Debug|Any CPU.Build.0 = Debug|Any CPU
		{4DB050C4-5117-4F0B-82C3-2D823961CB17}.Release|Any CPU.ActiveCfg = Release|Any CPU
		{4DB050C4-5117-4F0B-82C3-2D823961CB17}.Release|Any CPU.Build.0 = Release|Any CPU
		{8B28665E-5C30-4268-8574-5E04DBFF8F0C}.Debug|Any CPU.ActiveCfg = Debug|Any CPU
		{8B28665E-5C30-4268-8574-5E04DBFF8F0C}.Debug|Any CPU.Build.0 = Debug|Any CPU
		{8B28665E-5C30-4268-8574-5E04DBFF8F0C}.Release|Any CPU.ActiveCfg = Release|Any CPU
		{8B28665E-5C30-4268-8574-5E04DBFF8F0C}.Release|Any CPU.Build.0 = Release|Any CPU
	EndGlobalSection
	GlobalSection(SolutionProperties) = preSolution
		HideSolutionNode = FALSE
	EndGlobalSection
	GlobalSection(ExtensibilityGlobals) = postSolution
		SolutionGuid = {A16F6EA5-7509-4485-94A1-3F8E2FC0BFC1}
	EndGlobalSection
EndGlobal
